{
  "name": "@nodable/compact-builder",
  "version": "1.0.3",
  "lockfileVersion": 3,
  "requires": true,
  "packages": {
    "": {
      "name": "@nodable/compact-builder",
      "version": "1.0.2",
      "license": "MIT",
      "dependencies": {
        "@nodable/base-output-builder": "file:../base-output-builder",
        "path-expression-matcher": "^1.2.0"
      }
    },
    "../base-output-builder": {
      "name": "@nodable/base-output-builder",
      "version": "1.0.0",
      "license": "MIT"
    },
    "node_modules/@nodable/base-output-builder": {
      "resolved": "../base-output-builder",
      "link": true
    },
    "node_modules/path-expression-matcher": {
      "version": "1.2.0",
      "resolved": "https://registry.npmjs.org/path-expression-matcher/-/path-expression-matcher-1.2.0.tgz",
      "integrity": "sha512-DwmPWeFn+tq7TiyJ2CxezCAirXjFxvaiD03npak3cRjlP9+OjTmSy1EpIrEbh+l6JgUundniloMLDQ/6VTdhLQ==",
      "funding": [
        {
          "type": "github",
          "url": "https://github.com/sponsors/NaturalIntelligence"
        }
      ],
      "license": "MIT",
      "engines": {
        "node": ">=14.0.0"
      }
    }
  }
}